
Microsoft Visual Studio Solution File, Format Version 12.00
# Visual Studio Version 17
VisualStudioVersion = 17.4.33213.308
MinimumVisualStudioVersion = 10.0.40219.1
Project("{FAE04EC0-301F-11D3-BF4B-00C04F79EFBC}") = "Module7", "Module7\Module7.csproj", "{3EC3DD08-E645-434F-95A2-EC14D9EA61F2}"
EndProject
Global
	GlobalSection(SolutionConfigurationPlatforms) = preSolution
		Debug|Any CPU = Debug|Any CPU
		Release|Any CPU = Release|Any CPU
	EndGlobalSection
	GlobalSection(ProjectConfigurationPlatforms) = postSolution
		{3EC3DD08-E645-434F-95A2-EC14D9EA61F2}.Debug|Any CPU.ActiveCfg = Debug|Any CPU
		{3EC3DD08-E645-434F-95A2-EC14D9EA61F2}.Debug|Any CPU.Build.0 = Debug|Any CPU
		{3EC3DD08-E645-434F-95A2-EC14D9EA61F2}.Release|Any CPU.ActiveCfg = Release|Any CPU
		{3EC3DD08-E645-434F-95A2-EC14D9EA61F2}.Release|Any CPU.Build.0 = Release|Any CPU
	EndGlobalSection
	GlobalSection(SolutionProperties) = preSolution
		HideSolutionNode = FALSE
	EndGlobalSection
	GlobalSection(ExtensibilityGlobals) = postSolution
		SolutionGuid = {8629B551-7F26-4C0F-A79E-F9CAEE6F4DB8}
	EndGlobalSection
EndGlobal
